
Microsoft Visual Studio Solution File, Format Version 12.00
# Visual Studio Version 16
VisualStudioVersion = 16.0.30804.86
MinimumVisualStudioVersion = 10.0.40219.1
Project("{FAE04EC0-301F-11D3-BF4B-00C04F79EFBC}") = "Twenty-One", "Twenty-One.csproj", "{E3928CC7-811E-4278-8614-3B770FC549FC}"
EndProject
Global
	GlobalSection(SolutionConfigurationPlatforms) = preSolution
		Debug|Any CPU = Debug|Any CPU
		Release|Any CPU = Release|Any CPU
	EndGlobalSection
	GlobalSection(ProjectConfigurationPlatforms) = postSolution
		{E3928CC7-811E-4278-8614-3B770FC549FC}.Debug|Any CPU.ActiveCfg = Debug|Any CPU
		{E3928CC7-811E-4278-8614-3B770FC549FC}.Debug|Any CPU.Build.0 = Debug|Any CPU
		{E3928CC7-811E-4278-8614-3B770FC549FC}.Release|Any CPU.ActiveCfg = Release|Any CPU
		{E3928CC7-811E-4278-8614-3B770FC549FC}.Release|Any CPU.Build.0 = Release|Any CPU
	EndGlobalSection
	GlobalSection(SolutionProperties) = preSolution
		HideSolutionNode = FALSE
	EndGlobalSection
	GlobalSection(ExtensibilityGlobals) = postSolution
		SolutionGuid = {303A11E0-702F-42DD-B5F3-F36A2A75A57F}
	EndGlobalSection
EndGlobal
